
Microsoft Visual Studio Solution File, Format Version 12.00
# Visual Studio 15
Project("{FAE04EC0-301F-11D3-BF4B-00C04F79EFBC}") = "Bindings.Core", "Bindings.Core\Bindings.Core.csproj", "{76C2A70D-E1CA-41EB-95B0-B4034D79DD6E}"
EndProject
Project("{FAE04EC0-301F-11D3-BF4B-00C04F79EFBC}") = "Bindings.iOS", "Bindings.iOS\Bindings.iOS.csproj", "{438501D5-C249-453B-97C6-104180F7420A}"
EndProject
Project("{FAE04EC0-301F-11D3-BF4B-00C04F79EFBC}") = "Bindings.App.iOS", "Bindings.App.iOS\Bindings.App.iOS.csproj", "{0EF5B8B0-D79F-4F9B-BC36-CEF1130E7D62}"
EndProject
Global
	GlobalSection(SolutionConfigurationPlatforms) = preSolution
		Debug|iPhoneSimulator = Debug|iPhoneSimulator
		Release|iPhone = Release|iPhone
		Release|iPhoneSimulator = Release|iPhoneSimulator
		Debug|iPhone = Debug|iPhone
	EndGlobalSection
	GlobalSection(ProjectConfigurationPlatforms) = postSolution
		{76C2A70D-E1CA-41EB-95B0-B4034D79DD6E}.Debug|iPhoneSimulator.ActiveCfg = Debug|Any CPU
		{76C2A70D-E1CA-41EB-95B0-B4034D79DD6E}.Debug|iPhoneSimulator.Build.0 = Debug|Any CPU
		{76C2A70D-E1CA-41EB-95B0-B4034D79DD6E}.Release|iPhone.ActiveCfg = Release|Any CPU
		{76C2A70D-E1CA-41EB-95B0-B4034D79DD6E}.Release|iPhone.Build.0 = Release|Any CPU
		{76C2A70D-E1CA-41EB-95B0-B4034D79DD6E}.Release|iPhoneSimulator.ActiveCfg = Release|Any CPU
		{76C2A70D-E1CA-41EB-95B0-B4034D79DD6E}.Release|iPhoneSimulator.Build.0 = Release|Any CPU
		{76C2A70D-E1CA-41EB-95B0-B4034D79DD6E}.Debug|iPhone.ActiveCfg = Debug|Any CPU
		{76C2A70D-E1CA-41EB-95B0-B4034D79DD6E}.Debug|iPhone.Build.0 = Debug|Any CPU
		{438501D5-C249-453B-97C6-104180F7420A}.Debug|iPhoneSimulator.ActiveCfg = Debug|Any CPU
		{438501D5-C249-453B-97C6-104180F7420A}.Debug|iPhoneSimulator.Build.0 = Debug|Any CPU
		{438501D5-C249-453B-97C6-104180F7420A}.Release|iPhone.ActiveCfg = Release|Any CPU
		{438501D5-C249-453B-97C6-104180F7420A}.Release|iPhone.Build.0 = Release|Any CPU
		{438501D5-C249-453B-97C6-104180F7420A}.Release|iPhoneSimulator.ActiveCfg = Release|Any CPU
		{438501D5-C249-453B-97C6-104180F7420A}.Release|iPhoneSimulator.Build.0 = Release|Any CPU
		{438501D5-C249-453B-97C6-104180F7420A}.Debug|iPhone.ActiveCfg = Debug|Any CPU
		{438501D5-C249-453B-97C6-104180F7420A}.Debug|iPhone.Build.0 = Debug|Any CPU
		{0EF5B8B0-D79F-4F9B-BC36-CEF1130E7D62}.Debug|iPhoneSimulator.ActiveCfg = Debug|iPhoneSimulator
		{0EF5B8B0-D79F-4F9B-BC36-CEF1130E7D62}.Debug|iPhoneSimulator.Build.0 = Debug|iPhoneSimulator
		{0EF5B8B0-D79F-4F9B-BC36-CEF1130E7D62}.Release|iPhone.ActiveCfg = Release|iPhone
		{0EF5B8B0-D79F-4F9B-BC36-CEF1130E7D62}.Release|iPhone.Build.0 = Release|iPhone
		{0EF5B8B0-D79F-4F9B-BC36-CEF1130E7D62}.Release|iPhoneSimulator.ActiveCfg = Release|iPhoneSimulator
		{0EF5B8B0-D79F-4F9B-BC36-CEF1130E7D62}.Release|iPhoneSimulator.Build.0 = Release|iPhoneSimulator
		{0EF5B8B0-D79F-4F9B-BC36-CEF1130E7D62}.Debug|iPhone.ActiveCfg = Debug|iPhone
		{0EF5B8B0-D79F-4F9B-BC36-CEF1130E7D62}.Debug|iPhone.Build.0 = Debug|iPhone
	EndGlobalSection
EndGlobal
